
Microsoft Visual Studio Solution File, Format Version 12.00
# Visual Studio Version 17
VisualStudioVersion = 17.8.34330.188
MinimumVisualStudioVersion = 10.0.40219.1
Project("{FAE04EC0-301F-11D3-BF4B-00C04F79EFBC}") = "Pobeda_MVC", "Pobeda_MVC\Pobeda_MVC.csproj", "{16E64DA5-91C6-4FC6-AEAA-B142726F976F}"
EndProject
Global
	GlobalSection(SolutionConfigurationPlatforms) = preSolution
		Debug|Any CPU = Debug|Any CPU
		Release|Any CPU = Release|Any CPU
	EndGlobalSection
	GlobalSection(ProjectConfigurationPlatforms) = postSolution
		{16E64DA5-91C6-4FC6-AEAA-B142726F976F}.Debug|Any CPU.ActiveCfg = Debug|Any CPU
		{16E64DA5-91C6-4FC6-AEAA-B142726F976F}.Debug|Any CPU.Build.0 = Debug|Any CPU
		{16E64DA5-91C6-4FC6-AEAA-B142726F976F}.Release|Any CPU.ActiveCfg = Release|Any CPU
		{16E64DA5-91C6-4FC6-AEAA-B142726F976F}.Release|Any CPU.Build.0 = Release|Any CPU
	EndGlobalSection
	GlobalSection(SolutionProperties) = preSolution
		HideSolutionNode = FALSE
	EndGlobalSection
	GlobalSection(ExtensibilityGlobals) = postSolution
		SolutionGuid = {BB61CA61-102F-437C-A615-4FA8A4FDD78D}
	EndGlobalSection
EndGlobal
